
Microsoft Visual Studio Solution File, Format Version 12.00
# Visual Studio Version 16
VisualStudioVersion = 16.0.29806.167
MinimumVisualStudioVersion = 10.0.40219.1
Project("{9A19103F-16F7-4668-BE54-9A1E7A4F7556}") = "WordCounter.Tests", "WordCounter.Tests\WordCounter.Tests.csproj", "{3FBFB383-C0F6-4B1A-8C86-84C6F148B1D2}"
EndProject
Project("{9A19103F-16F7-4668-BE54-9A1E7A4F7556}") = "WordCounter", "WordCounter\WordCounter.csproj", "{2EDE25EA-DD3D-452B-9E9F-CD9A9DAB066D}"
EndProject
Project("{9A19103F-16F7-4668-BE54-9A1E7A4F7556}") = "WordCounterConsoleApp", "WordCounterConsoleApp\WordCounterConsoleApp.csproj", "{5C0485B1-5319-4838-90CA-19D85E190A06}"
EndProject
Global
	GlobalSection(SolutionConfigurationPlatforms) = preSolution
		Debug|Any CPU = Debug|Any CPU
		Release|Any CPU = Release|Any CPU
	EndGlobalSection
	GlobalSection(ProjectConfigurationPlatforms) = postSolution
		{3FBFB383-C0F6-4B1A-8C86-84C6F148B1D2}.Debug|Any CPU.ActiveCfg = Debug|Any CPU
		{3FBFB383-C0F6-4B1A-8C86-84C6F148B1D2}.Debug|Any CPU.Build.0 = Debug|Any CPU
		{3FBFB383-C0F6-4B1A-8C86-84C6F148B1D2}.Release|Any CPU.ActiveCfg = Release|Any CPU
		{3FBFB383-C0F6-4B1A-8C86-84C6F148B1D2}.Release|Any CPU.Build.0 = Release|Any CPU
		{2EDE25EA-DD3D-452B-9E9F-CD9A9DAB066D}.Debug|Any CPU.ActiveCfg = Debug|Any CPU
		{2EDE25EA-DD3D-452B-9E9F-CD9A9DAB066D}.Debug|Any CPU.Build.0 = Debug|Any CPU
		{2EDE25EA-DD3D-452B-9E9F-CD9A9DAB066D}.Release|Any CPU.ActiveCfg = Release|Any CPU
		{2EDE25EA-DD3D-452B-9E9F-CD9A9DAB066D}.Release|Any CPU.Build.0 = Release|Any CPU
		{5C0485B1-5319-4838-90CA-19D85E190A06}.Debug|Any CPU.ActiveCfg = Debug|Any CPU
		{5C0485B1-5319-4838-90CA-19D85E190A06}.Debug|Any CPU.Build.0 = Debug|Any CPU
		{5C0485B1-5319-4838-90CA-19D85E190A06}.Release|Any CPU.ActiveCfg = Release|Any CPU
		{5C0485B1-5319-4838-90CA-19D85E190A06}.Release|Any CPU.Build.0 = Release|Any CPU
	EndGlobalSection
	GlobalSection(SolutionProperties) = preSolution
		HideSolutionNode = FALSE
	EndGlobalSection
	GlobalSection(ExtensibilityGlobals) = postSolution
		SolutionGuid = {4C68746A-4C21-44CF-8043-57D815334905}
	EndGlobalSection
EndGlobal
